
Microsoft Visual Studio Solution File, Format Version 12.00
# Visual Studio Version 17
VisualStudioVersion = 17.9.34728.123
MinimumVisualStudioVersion = 10.0.40219.1
Project("{FAE04EC0-301F-11D3-BF4B-00C04F79EFBC}") = "FactoryGame", "FactoryGame\FactoryGame.csproj", "{6C82B9B5-4C3F-4F66-95DE-DCD41B6204BD}"
EndProject
Project("{FAE04EC0-301F-11D3-BF4B-00C04F79EFBC}") = "ItemFactory", "ItemFactory\ItemFactory.csproj", "{24786251-BEBD-4685-A0FE-D700203B1280}"
EndProject
Global
	GlobalSection(SolutionConfigurationPlatforms) = preSolution
		Debug|Any CPU = Debug|Any CPU
		Release|Any CPU = Release|Any CPU
	EndGlobalSection
	GlobalSection(ProjectConfigurationPlatforms) = postSolution
		{6C82B9B5-4C3F-4F66-95DE-DCD41B6204BD}.Debug|Any CPU.ActiveCfg = Debug|Any CPU
		{6C82B9B5-4C3F-4F66-95DE-DCD41B6204BD}.Debug|Any CPU.Build.0 = Debug|Any CPU
		{6C82B9B5-4C3F-4F66-95DE-DCD41B6204BD}.Release|Any CPU.ActiveCfg = Release|Any CPU
		{6C82B9B5-4C3F-4F66-95DE-DCD41B6204BD}.Release|Any CPU.Build.0 = Release|Any CPU
		{24786251-BEBD-4685-A0FE-D700203B1280}.Debug|Any CPU.ActiveCfg = Debug|Any CPU
		{24786251-BEBD-4685-A0FE-D700203B1280}.Debug|Any CPU.Build.0 = Debug|Any CPU
		{24786251-BEBD-4685-A0FE-D700203B1280}.Release|Any CPU.ActiveCfg = Release|Any CPU
		{24786251-BEBD-4685-A0FE-D700203B1280}.Release|Any CPU.Build.0 = Release|Any CPU
	EndGlobalSection
	GlobalSection(SolutionProperties) = preSolution
		HideSolutionNode = FALSE
	EndGlobalSection
	GlobalSection(ExtensibilityGlobals) = postSolution
		SolutionGuid = {3C4A5428-9997-4C2D-818D-4FE2427F68FB}
	EndGlobalSection
EndGlobal
